// !$*UTF8*$!
{
	archiveVersion = 1;
	classes = {
	};
	objectVersion = 77;
	objects = {

/* Begin PBXBuildFile section */
		050B4DACC82CCB5F6DC24D71 /* NOTICE in Resources */ = {isa = PBXBuildFile; fileRef = 104CFBE1B3509D6A05F8A3C9 /* NOTICE */; };
		05282DE3200F4C6E62CF738F /* YoutyShareExtension.appex in Embed Foundation Extensions */ = {isa = PBXBuildFile; fileRef = 3E5022BF40C58739B777DA01 /* YoutyShareExtension.appex */; settings = {ATTRIBUTES = (RemoveHeadersOnCopy, ); }; };
		090209CA9B05E0C2E4924947 /* SpeechTranscriptionPipeline.swift in Sources */ = {isa = PBXBuildFile; fileRef = 57D40876068DF7189CEDA17C /* SpeechTranscriptionPipeline.swift */; };
		094AA0F3BD47B61830E40854 /* TranscriptCommand.swift in Sources */ = {isa = PBXBuildFile; fileRef = 9277B41466B3A12A01E4AFB5 /* TranscriptCommand.swift */; };
		1032CEABD5436FC124C83529 /* PlatformRouter.swift in Sources */ = {isa = PBXBuildFile; fileRef = 0E454D60F2EC467DCDA263E7 /* PlatformRouter.swift */; };
		106CC435AB211CC8443288B3 /* VaultManager.swift in Sources */ = {isa = PBXBuildFile; fileRef = 3BE94CFD3AB3A49D24E053CB /* VaultManager.swift */; };
		1164AB2D5DD0A4C678A2122E /* SettingsStore.swift in Sources */ = {isa = PBXBuildFile; fileRef = 61F403150ACD28D7C5A9F18C /* SettingsStore.swift */; };
		11D4E14864EDC6A0258EA910 /* StreamFetcher.swift in Sources */ = {isa = PBXBuildFile; fileRef = E3EC781EE801A7A2940BB873 /* StreamFetcher.swift */; };
		161162C6D5E59139B842928A /* MenuBarController.swift in Sources */ = {isa = PBXBuildFile; fileRef = CC47826C11CFAAB99DBA696C /* MenuBarController.swift */; };
		192546E42F1AF0C86D0CBDEB /* VaultLocalSearch.swift in Sources */ = {isa = PBXBuildFile; fileRef = 176A5F09E31CE82BF4A1E29C /* VaultLocalSearch.swift */; };
		1AD48BCAA27F5C6CDD0A24D1 /* SidxParser.swift in Sources */ = {isa = PBXBuildFile; fileRef = 8C8C64BEE7581B939A220E62 /* SidxParser.swift */; };
		1BA5CC8ADA3E531A38B36F7A /* AuthLoginView.swift in Sources */ = {isa = PBXBuildFile; fileRef = 39676C399FF505D0F90D141F /* AuthLoginView.swift */; };
		1D3B34BB5AC912CB62DDA000 /* DebugLog.swift in Sources */ = {isa = PBXBuildFile; fileRef = EC7071A2233262A50751C78C /* DebugLog.swift */; };
		20693B65CBBC3B960A95A6C6 /* FFmpegFrameExtractor.swift in Sources */ = {isa = PBXBuildFile; fileRef = DD24184554CE6FFF9B2F5E0D /* FFmpegFrameExtractor.swift */; };
		21E0784C86AC814FE8079B0D /* TranscriptFetcher.swift in Sources */ = {isa = PBXBuildFile; fileRef = 2C0ACBBDF82CC681F56CE794 /* TranscriptFetcher.swift */; };
		26EC15015337957E94B79D59 /* FastFramePipeline.swift in Sources */ = {isa = PBXBuildFile; fileRef = E73525BB1298A12906490472 /* FastFramePipeline.swift */; };
		27FD2A368CC924DD960BF205 /* COPYING.LGPLv3 in Resources */ = {isa = PBXBuildFile; fileRef = AFBAD0495B4470D5C70DE95A /* COPYING.LGPLv3 */; };
		2B3293CD694D61AA1B68AFAD /* FrameExtractor.swift in Sources */ = {isa = PBXBuildFile; fileRef = ED226C2BCBEFE52EC6EA8D82 /* FrameExtractor.swift */; };
		2BFE4C012A3D481BFA2B24A6 /* LoginCommand.swift in Sources */ = {isa = PBXBuildFile; fileRef = 8C3DFEC917B99551FA24B633 /* LoginCommand.swift */; };
		2C02942FDF7344437B582303 /* SigLIP-Base-224_image.mlpackage in Resources */ = {isa = PBXBuildFile; fileRef = C8365806F1359E8E7ACAB7C1 /* SigLIP-Base-224_image.mlpackage */; };
		2E457377C0845ACCAB71F901 /* SettingsStore.swift in Sources */ = {isa = PBXBuildFile; fileRef = 61F403150ACD28D7C5A9F18C /* SettingsStore.swift */; };
		2E95A4B3792989B8DC2AA8C5 /* ShortFormPipeline.swift in Sources */ = {isa = PBXBuildFile; fileRef = 637A3E47DA879D66A8DCC5F6 /* ShortFormPipeline.swift */; };
		340F0E7824C853A2D8B7CFF8 /* AppIcon.icon in Resources */ = {isa = PBXBuildFile; fileRef = 74B2C464CAC15C4D193258F3 /* AppIcon.icon */; };
		345B82542264F04FB42EA963 /* IndexBadgeView.swift in Sources */ = {isa = PBXBuildFile; fileRef = AF09B301A0004D3FBB55EB79 /* IndexBadgeView.swift */; };
		348D590961AC2C1BECB77D10 /* MetadataEnricher.swift in Sources */ = {isa = PBXBuildFile; fileRef = FB6708940A3424B502A6232E /* MetadataEnricher.swift */; };
		38606B475C50BB1F3C555BE0 /* TikTokExtractor.swift in Sources */ = {isa = PBXBuildFile; fileRef = 27FEE1BFFC1CB8BA12710709 /* TikTokExtractor.swift */; };
		3931592C71C89B67BDA4F77E /* InstagramExtractor.swift in Sources */ = {isa = PBXBuildFile; fileRef = F26E67BEE5ACDE9AEEA6217D /* InstagramExtractor.swift */; };
		3B5FDDCA27087A6B1C7027A4 /* PlatformRouter.swift in Sources */ = {isa = PBXBuildFile; fileRef = 0E454D60F2EC467DCDA263E7 /* PlatformRouter.swift */; };
		414A38659EC99913025816EF /* OnboardingView.swift in Sources */ = {isa = PBXBuildFile; fileRef = 6B4CA4AEF25DAF7A379921CE /* OnboardingView.swift */; };
		426389CB5A3014EE35B6DC1F /* LICENSE in Resources */ = {isa = PBXBuildFile; fileRef = BE56C34A7461D648D1C2C63A /* LICENSE */; };
		43F7505F9C9C779E84FF8D07 /* ShortFormPipeline.swift in Sources */ = {isa = PBXBuildFile; fileRef = 637A3E47DA879D66A8DCC5F6 /* ShortFormPipeline.swift */; };
		45E22279DB987CA8FD2FA01F /* FFmpegURLSessionIO.swift in Sources */ = {isa = PBXBuildFile; fileRef = 8397B96787C9C28270BF3FD6 /* FFmpegURLSessionIO.swift */; };
		4902F8F090DC2D041DC21B2A /* SharedResourceLocator.swift in Sources */ = {isa = PBXBuildFile; fileRef = 5F4AE55996AE9ADB6F7C7C34 /* SharedResourceLocator.swift */; };
		4B07C74A46B6E023674F964E /* HelpCommand.swift in Sources */ = {isa = PBXBuildFile; fileRef = 2CF1C029B5D14B567ED47B9B /* HelpCommand.swift */; };
		4BD5B82529814A7C359F61E2 /* FFmpegSampleTable.swift in Sources */ = {isa = PBXBuildFile; fileRef = 47A260561498FCF2EA1A2CF6 /* FFmpegSampleTable.swift */; };
		4BDBFC7BF4BCB94F26C0E57E /* vocab.bin in Resources */ = {isa = PBXBuildFile; fileRef = FB0AE693701E1D33D3074EAC /* vocab.bin */; };
		4C697166338AB1A5305A115D /* AppDelegate.swift in Sources */ = {isa = PBXBuildFile; fileRef = 59F29960905AA7DA5135528E /* AppDelegate.swift */; };
		51378A1C04876090864A764B /* merges.bin in Resources */ = {isa = PBXBuildFile; fileRef = EAAB685FE444A35328E5F8C3 /* merges.bin */; };
		51B938667C9A94698266CC3D /* THIRD_PARTY_LICENSES.md in Resources */ = {isa = PBXBuildFile; fileRef = D7465842BED6624F7B3B6AD9 /* THIRD_PARTY_LICENSES.md */; };
		53450823245D09271EC7931A /* PhaseIFrameExtractor.swift in Sources */ = {isa = PBXBuildFile; fileRef = F050E70A7CD0EE1B73D573ED /* PhaseIFrameExtractor.swift */; };
		553C4BACA377775492BC94F8 /* Sparkle in Frameworks */ = {isa = PBXBuildFile; productRef = E39933821E1F923B66CD21BC /* Sparkle */; };
		588EEA9FD0F6E4C53048B544 /* IndexStore.swift in Sources */ = {isa = PBXBuildFile; fileRef = B5DA59A198D8D80C96D4DBAC /* IndexStore.swift */; };
		59E1BB6B91606B714330DFD1 /* KeychainHelper.swift in Sources */ = {isa = PBXBuildFile; fileRef = 88A947CCECB5098809045CC6 /* KeychainHelper.swift */; };
		5EF4E27FAE42FE5B00DC2E29 /* EmbeddingGemma-300m_text.mlpackage in Resources */ = {isa = PBXBuildFile; fileRef = DF8BC0A3555C0C0A50141F3F /* EmbeddingGemma-300m_text.mlpackage */; };
		6166E886D0582F27CABAFB98 /* LICENSE in Resources */ = {isa = PBXBuildFile; fileRef = BE56C34A7461D648D1C2C63A /* LICENSE */; };
		62DCC093DEC97543E737D4D5 /* SidxParser.swift in Sources */ = {isa = PBXBuildFile; fileRef = 8C8C64BEE7581B939A220E62 /* SidxParser.swift */; };
		6379D83C95B3F278435879B6 /* EmbedderProtocol.swift in Sources */ = {isa = PBXBuildFile; fileRef = B8FD828F68229C565B5E4528 /* EmbedderProtocol.swift */; };
		64DED8695B174C6A50F37A7A /* vocab.bin in Resources */ = {isa = PBXBuildFile; fileRef = FB0AE693701E1D33D3074EAC /* vocab.bin */; };
		674CF57AC4E8B460F93ED637 /* MediaDownloader.swift in Sources */ = {isa = PBXBuildFile; fileRef = DB4DB273A82F354414E993F7 /* MediaDownloader.swift */; };
		67673D0D6A6B0FAB75F1F4EC /* ArgsParser.swift in Sources */ = {isa = PBXBuildFile; fileRef = 9633A2907501CF5C01A910E3 /* ArgsParser.swift */; };
		68070B8D4F65C01499DFF2EB /* SigLIP-Base-224_image.mlpackage in Resources */ = {isa = PBXBuildFile; fileRef = C8365806F1359E8E7ACAB7C1 /* SigLIP-Base-224_image.mlpackage */; };
		6B202C3C04B44EE291A46C88 /* added_tokens.bin in Resources */ = {isa = PBXBuildFile; fileRef = 06260360B94CB43DE470BA5F /* added_tokens.bin */; };
		73B0BABFF6BDC626DCFE37C5 /* FramePipeline.swift in Sources */ = {isa = PBXBuildFile; fileRef = BFDA211A9D8C81B0872B4723 /* FramePipeline.swift */; };
		754CC21CEEDD77A9212895FE /* LocalFrameExtractor.swift in Sources */ = {isa = PBXBuildFile; fileRef = 001EA64ECBEF879A726F4768 /* LocalFrameExtractor.swift */; };
		76014BC216A90F0D7FF28297 /* PlayerFetcher.swift in Sources */ = {isa = PBXBuildFile; fileRef = FA8676656A57F9DE94D3DEBC /* PlayerFetcher.swift */; };
		7700E341676B9465D4ADD448 /* ContentView.swift in Sources */ = {isa = PBXBuildFile; fileRef = 515E8EFE5E8A6A8F88FC79CA /* ContentView.swift */; };
		77CE91EE8F4C30827AE1D84E /* Chunker.swift in Sources */ = {isa = PBXBuildFile; fileRef = 98AF6C6C447D9216143D47E6 /* Chunker.swift */; };
		77E451F883231BD6936E6D0D /* SigLIPLoader.swift in Sources */ = {isa = PBXBuildFile; fileRef = 66BEA926CEA969BCEADF0870 /* SigLIPLoader.swift */; };
		79615886D7973E16FA559F69 /* IndexSchema.sql in Resources */ = {isa = PBXBuildFile; fileRef = 7009AA6A6668D4D93B0A165A /* IndexSchema.sql */; };
		79FE0CBD42E6F22C8A8C8905 /* InstagramExtractor.swift in Sources */ = {isa = PBXBuildFile; fileRef = F26E67BEE5ACDE9AEEA6217D /* InstagramExtractor.swift */; };
		7BFBB7156B9F481099D68889 /* FrameEmbedder.swift in Sources */ = {isa = PBXBuildFile; fileRef = 7E402DF7244139AA9EE1526A /* FrameEmbedder.swift */; };
		7C287A4C5A6D5D593CC0EE77 /* NOTICE in Resources */ = {isa = PBXBuildFile; fileRef = 104CFBE1B3509D6A05F8A3C9 /* NOTICE */; };
		7CD61850D4441D22AA0DF9CE /* SaveCommand.swift in Sources */ = {isa = PBXBuildFile; fileRef = B3B9A77CA2B9DA7272B6C824 /* SaveCommand.swift */; };
		80C925A67998CA3D1A01F1EE /* FFmpegURLSessionIO.swift in Sources */ = {isa = PBXBuildFile; fileRef = 8397B96787C9C28270BF3FD6 /* FFmpegURLSessionIO.swift */; };
		83580BEB8F9323ED76DA8B5B /* CREDITS in Resources */ = {isa = PBXBuildFile; fileRef = 58B78E0BC198C3AE4ACB68FD /* CREDITS */; };
		83B3772E21D0CBB7CF5F2108 /* GemmaTokenizer.swift in Sources */ = {isa = PBXBuildFile; fileRef = ACE013EEAFE8327D3554AB53 /* GemmaTokenizer.swift */; };
		869D437C37B2EB4FECB76028 /* added_tokens.bin in Resources */ = {isa = PBXBuildFile; fileRef = 06260360B94CB43DE470BA5F /* added_tokens.bin */; };
		86D1580BFF32100B5515B247 /* VaultLocalSearch.swift in Sources */ = {isa = PBXBuildFile; fileRef = 176A5F09E31CE82BF4A1E29C /* VaultLocalSearch.swift */; };
		875EDC64DC621AF33A11D999 /* MainWindowKeeper.swift in Sources */ = {isa = PBXBuildFile; fileRef = 356CCF219ED8189DA67F3402 /* MainWindowKeeper.swift */; };
		8DDA2F914E953F5128F3C2F9 /* FrameEmbedder.swift in Sources */ = {isa = PBXBuildFile; fileRef = 7E402DF7244139AA9EE1526A /* FrameEmbedder.swift */; };
		9417C71FA609B112D97E513F /* VaultResolver.swift in Sources */ = {isa = PBXBuildFile; fileRef = 013AA49E501B8578D1468372 /* VaultResolver.swift */; };
		95177DA36FFB1E5C7D32A1FF /* CanvasFramePipeline.swift in Sources */ = {isa = PBXBuildFile; fileRef = CC01752B7DC1ABC7BE839D7B /* CanvasFramePipeline.swift */; };
		96AB39F42C6B36B4C7E6D1C8 /* ReindexCommand.swift in Sources */ = {isa = PBXBuildFile; fileRef = 99DAA432B550C3B593BF3522 /* ReindexCommand.swift */; };
		97334541EF7B2EB74000A289 /* CanvasFramePipeline.swift in Sources */ = {isa = PBXBuildFile; fileRef = CC01752B7DC1ABC7BE839D7B /* CanvasFramePipeline.swift */; };
		975E616FFF3737C01A2CE49C /* main.swift in Sources */ = {isa = PBXBuildFile; fileRef = C870A2F3D64DB3E251183EDE /* main.swift */; };
		9784AFE016B0CACE8A9F8A1A /* StreamFetcher.swift in Sources */ = {isa = PBXBuildFile; fileRef = E3EC781EE801A7A2940BB873 /* StreamFetcher.swift */; };
		980E7FBB4C21F42002063AB9 /* GeminiEmbedder.swift in Sources */ = {isa = PBXBuildFile; fileRef = E9417D0FC8D802B2E46B2194 /* GeminiEmbedder.swift */; };
		98739D06255647380C8B1388 /* DebugLog.swift in Sources */ = {isa = PBXBuildFile; fileRef = EC7071A2233262A50751C78C /* DebugLog.swift */; };
		99F278B1636D3DAA95B536B0 /* GeminiEmbedder.swift in Sources */ = {isa = PBXBuildFile; fileRef = E9417D0FC8D802B2E46B2194 /* GeminiEmbedder.swift */; };
		9BCB91F0597B2E43F2852D1C /* PhaseIFrameExtractor.swift in Sources */ = {isa = PBXBuildFile; fileRef = F050E70A7CD0EE1B73D573ED /* PhaseIFrameExtractor.swift */; };
		9E2E9FC65B8CBC9F2E767152 /* FrameExtractor.swift in Sources */ = {isa = PBXBuildFile; fileRef = ED226C2BCBEFE52EC6EA8D82 /* FrameExtractor.swift */; };
		9FED5126F04AFE7567104F16 /* PlayerFetcher.swift in Sources */ = {isa = PBXBuildFile; fileRef = FA8676656A57F9DE94D3DEBC /* PlayerFetcher.swift */; };
		A4F0355643FA24A3941F6A58 /* TikTokExtractor.swift in Sources */ = {isa = PBXBuildFile; fileRef = 27FEE1BFFC1CB8BA12710709 /* TikTokExtractor.swift */; };
		A5A27212E838E96609102929 /* FramePipeline.swift in Sources */ = {isa = PBXBuildFile; fileRef = BFDA211A9D8C81B0872B4723 /* FramePipeline.swift */; };
		AC49D46B8D4644D32C42C5DC /* youtyApp.swift in Sources */ = {isa = PBXBuildFile; fileRef = E533613734AEB3CF1ABED12B /* youtyApp.swift */; };
		AD8623CEE0C8060DF4D79ACB /* EmbeddingGemma-NOTICE.txt in Resources */ = {isa = PBXBuildFile; fileRef = 1D84763388445C90ADAC05EE /* EmbeddingGemma-NOTICE.txt */; };
		B232018D44F6919E8EEB28A1 /* LocalFrameExtractor.swift in Sources */ = {isa = PBXBuildFile; fileRef = 001EA64ECBEF879A726F4768 /* LocalFrameExtractor.swift */; };
		B2EEE7C38E7BE839339857BC /* IndexStatusStore.swift in Sources */ = {isa = PBXBuildFile; fileRef = 1F45717358DD1876523BA5D0 /* IndexStatusStore.swift */; };
		B485EFBCAB058975036F1AD8 /* FastFramePipeline.swift in Sources */ = {isa = PBXBuildFile; fileRef = E73525BB1298A12906490472 /* FastFramePipeline.swift */; };
		B7B636F3FF3274FD796D0117 /* FastFrameExtractor.swift in Sources */ = {isa = PBXBuildFile; fileRef = 4B6E4BF02144D82957F5C812 /* FastFrameExtractor.swift */; };
		BEB6C8995EEEF0928E0587BA /* merges.bin in Resources */ = {isa = PBXBuildFile; fileRef = EAAB685FE444A35328E5F8C3 /* merges.bin */; };
		BF0DD007509A7560531DCA3E /* ShareViewController.swift in Sources */ = {isa = PBXBuildFile; fileRef = 52C24CDA3E0B37271B63C03A /* ShareViewController.swift */; };
		BF5A0336274E4F081EC3257E /* EmbeddingGemma-300m_text.mlpackage in Resources */ = {isa = PBXBuildFile; fileRef = DF8BC0A3555C0C0A50141F3F /* EmbeddingGemma-300m_text.mlpackage */; };
		C197B5F7B683DDB4951CC9BF /* FFmpegSampleTable.swift in Sources */ = {isa = PBXBuildFile; fileRef = 47A260561498FCF2EA1A2CF6 /* FFmpegSampleTable.swift */; };
		C419EA26BAE82522134CB0AD /* VideoExtractor.swift in Sources */ = {isa = PBXBuildFile; fileRef = D07EACD9853587F324A75FFB /* VideoExtractor.swift */; };
		C5D8FC67A79B044215C17855 /* AppUpdater.swift in Sources */ = {isa = PBXBuildFile; fileRef = 907078E101889CD8D7B28C97 /* AppUpdater.swift */; };
		C6324A47E444EB299EAC6DB6 /* MP4MoofParser.swift in Sources */ = {isa = PBXBuildFile; fileRef = E7BBBE1096196E9A00729BF3 /* MP4MoofParser.swift */; };
		C68DEB5E0CA86838F5D69231 /* ParallelCapture.swift in Sources */ = {isa = PBXBuildFile; fileRef = 28AF996CD0C2EE13BC7503CB /* ParallelCapture.swift */; };
		C7C2F5EB8D173E0123CCC064 /* IndexStore.swift in Sources */ = {isa = PBXBuildFile; fileRef = B5DA59A198D8D80C96D4DBAC /* IndexStore.swift */; };
		C8B9333704250B395669467E /* VideoExtractor.swift in Sources */ = {isa = PBXBuildFile; fileRef = D07EACD9853587F324A75FFB /* VideoExtractor.swift */; };
		C911D05E228FB03DF52DAA34 /* SpeechTranscriptionPipeline.swift in Sources */ = {isa = PBXBuildFile; fileRef = 57D40876068DF7189CEDA17C /* SpeechTranscriptionPipeline.swift */; };
		C964210FA50B15DE55CEE037 /* VaultManager.swift in Sources */ = {isa = PBXBuildFile; fileRef = 3BE94CFD3AB3A49D24E053CB /* VaultManager.swift */; };
		CB9BD576C3C677BBD4B9AC33 /* PHashFilter.swift in Sources */ = {isa = PBXBuildFile; fileRef = 13370E21DD4886D040B9C4DD /* PHashFilter.swift */; };
		CB9C7CD874C2FD238236C878 /* IndexSchema.sql in Resources */ = {isa = PBXBuildFile; fileRef = 7009AA6A6668D4D93B0A165A /* IndexSchema.sql */; };
		CBD157B29E988892CD2A1040 /* SharedResourceLocator.swift in Sources */ = {isa = PBXBuildFile; fileRef = 5F4AE55996AE9ADB6F7C7C34 /* SharedResourceLocator.swift */; };
		CE56642172EC7DA6552AD966 /* Indexer.swift in Sources */ = {isa = PBXBuildFile; fileRef = EB507870B7D6E4EC22ED4053 /* Indexer.swift */; };
		CF1301A8C4F5FAEE3CB8761E /* YoutyAppIntents.swift in Sources */ = {isa = PBXBuildFile; fileRef = B829B1B7B1DC76C612C7FF48 /* YoutyAppIntents.swift */; };
		CFAB9ED082046D46CBAD1E68 /* Indexer.swift in Sources */ = {isa = PBXBuildFile; fileRef = EB507870B7D6E4EC22ED4053 /* Indexer.swift */; };
		D0C742B94FA26C7149B2CDB4 /* FFmpegFrameExtractor.swift in Sources */ = {isa = PBXBuildFile; fileRef = DD24184554CE6FFF9B2F5E0D /* FFmpegFrameExtractor.swift */; };
		D235DE78DBDF7AED552E8AFB /* ParallelCapture.swift in Sources */ = {isa = PBXBuildFile; fileRef = 28AF996CD0C2EE13BC7503CB /* ParallelCapture.swift */; };
		D2BB0FFF57E0B176F2D9BD8B /* MediaDownloader.swift in Sources */ = {isa = PBXBuildFile; fileRef = DB4DB273A82F354414E993F7 /* MediaDownloader.swift */; };
		D69DE7CD35430BAF9A4C4164 /* COPYING.LGPLv2.1 in Resources */ = {isa = PBXBuildFile; fileRef = 8DA24342EA3DFD6206EA021B /* COPYING.LGPLv2.1 */; };
		D7A3D55EA174E6C74FFC59A7 /* MP4MoofParser.swift in Sources */ = {isa = PBXBuildFile; fileRef = E7BBBE1096196E9A00729BF3 /* MP4MoofParser.swift */; };
		DAD567BAB79895AA31E5A511 /* EmbeddingGemmaEmbedder.swift in Sources */ = {isa = PBXBuildFile; fileRef = B34242D9DEADB386F0FE44D8 /* EmbeddingGemmaEmbedder.swift */; };
		DCBF400F36D41C4586EC090C /* CLIHostWindow.swift in Sources */ = {isa = PBXBuildFile; fileRef = 6C21ECB07C9DC2F79D80010E /* CLIHostWindow.swift */; };
		DFFD3299B503FD9D00C246D2 /* TranscriptFetcher.swift in Sources */ = {isa = PBXBuildFile; fileRef = 2C0ACBBDF82CC681F56CE794 /* TranscriptFetcher.swift */; };
		E22A06093A2559C9726D7587 /* IngestionFunnel.swift in Sources */ = {isa = PBXBuildFile; fileRef = 87CBAB60A9E0C95DF447EFB3 /* IngestionFunnel.swift */; };
		E3165888D2C54EB8455B0EAE /* SettingsView.swift in Sources */ = {isa = PBXBuildFile; fileRef = 7F0A56EE058438A3D7841601 /* SettingsView.swift */; };
		E7CC5D854D4A4FFCCBE4C576 /* Chunker.swift in Sources */ = {isa = PBXBuildFile; fileRef = 98AF6C6C447D9216143D47E6 /* Chunker.swift */; };
		E8B97176F582159EC5144CF0 /* PHashFilter.swift in Sources */ = {isa = PBXBuildFile; fileRef = 13370E21DD4886D040B9C4DD /* PHashFilter.swift */; };
		E979052EADCB12AA1DA89989 /* ListCommand.swift in Sources */ = {isa = PBXBuildFile; fileRef = CF78DB0683DB0DBAC273AA27 /* ListCommand.swift */; };
		ECA46273D6854E93EFF7226E /* Assets.xcassets in Resources */ = {isa = PBXBuildFile; fileRef = 2C2747C12D2CBE36AD416926 /* Assets.xcassets */; };
		EF6072228D9CD1B5CC1B6667 /* GemmaTokenizer.swift in Sources */ = {isa = PBXBuildFile; fileRef = ACE013EEAFE8327D3554AB53 /* GemmaTokenizer.swift */; };
		F06C80DA7A74AC43B01AF18C /* EmbedderProtocol.swift in Sources */ = {isa = PBXBuildFile; fileRef = B8FD828F68229C565B5E4528 /* EmbedderProtocol.swift */; };
		F0B819C034DE76D8AA23C9E4 /* FastFrameExtractor.swift in Sources */ = {isa = PBXBuildFile; fileRef = 4B6E4BF02144D82957F5C812 /* FastFrameExtractor.swift */; };
		F16D38842CD9A198F1B8924C /* MetadataEnricher.swift in Sources */ = {isa = PBXBuildFile; fileRef = FB6708940A3424B502A6232E /* MetadataEnricher.swift */; };
		F40545FAC6341ABA6C1E24AD /* SearchCommand.swift in Sources */ = {isa = PBXBuildFile; fileRef = 7CBC4195B74D4BA5F1BE31BE /* SearchCommand.swift */; };
		F7F02FC49A9FDE72E034A593 /* SigLIPLoader.swift in Sources */ = {isa = PBXBuildFile; fileRef = 66BEA926CEA969BCEADF0870 /* SigLIPLoader.swift */; };
		F9F144165A7A5C93294DB6AC /* EmbeddingGemmaEmbedder.swift in Sources */ = {isa = PBXBuildFile; fileRef = B34242D9DEADB386F0FE44D8 /* EmbeddingGemmaEmbedder.swift */; };
		FAAD514A1B9ECDA2B1D27F88 /* CLIConfig.swift in Sources */ = {isa = PBXBuildFile; fileRef = EAE828BE532445B11DAFDF7C /* CLIConfig.swift */; };
		FC7BFDBA194EC1BDB91AD089 /* DebugRunner.swift in Sources */ = {isa = PBXBuildFile; fileRef = A12465B44FC685B0D846EA0E /* DebugRunner.swift */; };
		FEDB9DC9FEB3B9CF9CDB1A47 /* KeychainHelper.swift in Sources */ = {isa = PBXBuildFile; fileRef = 88A947CCECB5098809045CC6 /* KeychainHelper.swift */; };
		FF23A5E3E006C14D301779E2 /* EmbeddingGemma-NOTICE.txt in Resources */ = {isa = PBXBuildFile; fileRef = 1D84763388445C90ADAC05EE /* EmbeddingGemma-NOTICE.txt */; };
/* End PBXBuildFile section */

/* Begin PBXContainerItemProxy section */
		1D4CC5CC01CA0F4BA3ECEC46 /* PBXContainerItemProxy */ = {
			isa = PBXContainerItemProxy;
			containerPortal = 703D9707D40D7BF811BBD46F /* Project object */;
			proxyType = 1;
			remoteGlobalIDString = 1392CE80DC06D081731E7989;
			remoteInfo = YoutyShareExtension;
		};
/* End PBXContainerItemProxy section */

/* Begin PBXCopyFilesBuildPhase section */
		CE576BC9738B88DBB63B1C70 /* Embed Foundation Extensions */ = {
			isa = PBXCopyFilesBuildPhase;
			buildActionMask = 2147483647;
			dstPath = "";
			dstSubfolderSpec = 13;
			files = (
				05282DE3200F4C6E62CF738F /* YoutyShareExtension.appex in Embed Foundation Extensions */,
			);
			name = "Embed Foundation Extensions";
			runOnlyForDeploymentPostprocessing = 0;
		};
/* End PBXCopyFilesBuildPhase section */

/* Begin PBXFileReference section */
		001EA64ECBEF879A726F4768 /* LocalFrameExtractor.swift */ = {isa = PBXFileReference; lastKnownFileType = sourcecode.swift; path = LocalFrameExtractor.swift; sourceTree = "<group>"; };
		013AA49E501B8578D1468372 /* VaultResolver.swift */ = {isa = PBXFileReference; lastKnownFileType = sourcecode.swift; path = VaultResolver.swift; sourceTree = "<group>"; };
		06260360B94CB43DE470BA5F /* added_tokens.bin */ = {isa = PBXFileReference; lastKnownFileType = archive.macbinary; path = added_tokens.bin; sourceTree = "<group>"; };
		095F0E65E14289ABD525C24B /* youty.app */ = {isa = PBXFileReference; explicitFileType = wrapper.application; includeInIndex = 0; path = youty.app; sourceTree = BUILT_PRODUCTS_DIR; };
		0A043E863630199156FD846E /* youty-cli */ = {isa = PBXFileReference; includeInIndex = 0; path = "youty-cli"; sourceTree = BUILT_PRODUCTS_DIR; };
		0E454D60F2EC467DCDA263E7 /* PlatformRouter.swift */ = {isa = PBXFileReference; lastKnownFileType = sourcecode.swift; path = PlatformRouter.swift; sourceTree = "<group>"; };
		104CFBE1B3509D6A05F8A3C9 /* NOTICE */ = {isa = PBXFileReference; path = NOTICE; sourceTree = "<group>"; };
		13370E21DD4886D040B9C4DD /* PHashFilter.swift */ = {isa = PBXFileReference; lastKnownFileType = sourcecode.swift; path = PHashFilter.swift; sourceTree = "<group>"; };
		176A5F09E31CE82BF4A1E29C /* VaultLocalSearch.swift */ = {isa = PBXFileReference; lastKnownFileType = sourcecode.swift; path = VaultLocalSearch.swift; sourceTree = "<group>"; };
		1D84763388445C90ADAC05EE /* EmbeddingGemma-NOTICE.txt */ = {isa = PBXFileReference; lastKnownFileType = text; path = "EmbeddingGemma-NOTICE.txt"; sourceTree = "<group>"; };
		1F45717358DD1876523BA5D0 /* IndexStatusStore.swift */ = {isa = PBXFileReference; lastKnownFileType = sourcecode.swift; path = IndexStatusStore.swift; sourceTree = "<group>"; };
		27FEE1BFFC1CB8BA12710709 /* TikTokExtractor.swift */ = {isa = PBXFileReference; lastKnownFileType = sourcecode.swift; path = TikTokExtractor.swift; sourceTree = "<group>"; };
		28AF996CD0C2EE13BC7503CB /* ParallelCapture.swift */ = {isa = PBXFileReference; lastKnownFileType = sourcecode.swift; path = ParallelCapture.swift; sourceTree = "<group>"; };
		2C0ACBBDF82CC681F56CE794 /* TranscriptFetcher.swift */ = {isa = PBXFileReference; lastKnownFileType = sourcecode.swift; path = TranscriptFetcher.swift; sourceTree = "<group>"; };
		2C2747C12D2CBE36AD416926 /* Assets.xcassets */ = {isa = PBXFileReference; lastKnownFileType = folder.assetcatalog; path = Assets.xcassets; sourceTree = "<group>"; };
		2CF1C029B5D14B567ED47B9B /* HelpCommand.swift */ = {isa = PBXFileReference; lastKnownFileType = sourcecode.swift; path = HelpCommand.swift; sourceTree = "<group>"; };
		356CCF219ED8189DA67F3402 /* MainWindowKeeper.swift */ = {isa = PBXFileReference; lastKnownFileType = sourcecode.swift; path = MainWindowKeeper.swift; sourceTree = "<group>"; };
		39676C399FF505D0F90D141F /* AuthLoginView.swift */ = {isa = PBXFileReference; lastKnownFileType = sourcecode.swift; path = AuthLoginView.swift; sourceTree = "<group>"; };
		39E04E6A6066DC07040F2DBF /* ShareExtension.entitlements */ = {isa = PBXFileReference; lastKnownFileType = text.plist.entitlements; path = ShareExtension.entitlements; sourceTree = "<group>"; };
		3BE94CFD3AB3A49D24E053CB /* VaultManager.swift */ = {isa = PBXFileReference; lastKnownFileType = sourcecode.swift; path = VaultManager.swift; sourceTree = "<group>"; };
		3E5022BF40C58739B777DA01 /* YoutyShareExtension.appex */ = {isa = PBXFileReference; explicitFileType = "wrapper.app-extension"; includeInIndex = 0; path = YoutyShareExtension.appex; sourceTree = BUILT_PRODUCTS_DIR; };
		453A0D43C6693B48BBE4607F /* FFmpegBridging.h */ = {isa = PBXFileReference; lastKnownFileType = sourcecode.c.h; path = FFmpegBridging.h; sourceTree = "<group>"; };
		47A260561498FCF2EA1A2CF6 /* FFmpegSampleTable.swift */ = {isa = PBXFileReference; lastKnownFileType = sourcecode.swift; path = FFmpegSampleTable.swift; sourceTree = "<group>"; };
		4B6E4BF02144D82957F5C812 /* FastFrameExtractor.swift */ = {isa = PBXFileReference; lastKnownFileType = sourcecode.swift; path = FastFrameExtractor.swift; sourceTree = "<group>"; };
		4BB446E58CBBADED63AFD0D2 /* youty.entitlements */ = {isa = PBXFileReference; lastKnownFileType = text.plist.entitlements; path = youty.entitlements; sourceTree = "<group>"; };
		515E8EFE5E8A6A8F88FC79CA /* ContentView.swift */ = {isa = PBXFileReference; lastKnownFileType = sourcecode.swift; path = ContentView.swift; sourceTree = "<group>"; };
		52C24CDA3E0B37271B63C03A /* ShareViewController.swift */ = {isa = PBXFileReference; lastKnownFileType = sourcecode.swift; path = ShareViewController.swift; sourceTree = "<group>"; };
		57D40876068DF7189CEDA17C /* SpeechTranscriptionPipeline.swift */ = {isa = PBXFileReference; lastKnownFileType = sourcecode.swift; path = SpeechTranscriptionPipeline.swift; sourceTree = "<group>"; };
		58B78E0BC198C3AE4ACB68FD /* CREDITS */ = {isa = PBXFileReference; path = CREDITS; sourceTree = "<group>"; };
		59F29960905AA7DA5135528E /* AppDelegate.swift */ = {isa = PBXFileReference; lastKnownFileType = sourcecode.swift; path = AppDelegate.swift; sourceTree = "<group>"; };
		5F4AE55996AE9ADB6F7C7C34 /* SharedResourceLocator.swift */ = {isa = PBXFileReference; lastKnownFileType = sourcecode.swift; path = SharedResourceLocator.swift; sourceTree = "<group>"; };
		61F403150ACD28D7C5A9F18C /* SettingsStore.swift */ = {isa = PBXFileReference; lastKnownFileType = sourcecode.swift; path = SettingsStore.swift; sourceTree = "<group>"; };
		637A3E47DA879D66A8DCC5F6 /* ShortFormPipeline.swift */ = {isa = PBXFileReference; lastKnownFileType = sourcecode.swift; path = ShortFormPipeline.swift; sourceTree = "<group>"; };
		66BEA926CEA969BCEADF0870 /* SigLIPLoader.swift */ = {isa = PBXFileReference; lastKnownFileType = sourcecode.swift; path = SigLIPLoader.swift; sourceTree = "<group>"; };
		6B4CA4AEF25DAF7A379921CE /* OnboardingView.swift */ = {isa = PBXFileReference; lastKnownFileType = sourcecode.swift; path = OnboardingView.swift; sourceTree = "<group>"; };
		6C21ECB07C9DC2F79D80010E /* CLIHostWindow.swift */ = {isa = PBXFileReference; lastKnownFileType = sourcecode.swift; path = CLIHostWindow.swift; sourceTree = "<group>"; };
		7009AA6A6668D4D93B0A165A /* IndexSchema.sql */ = {isa = PBXFileReference; path = IndexSchema.sql; sourceTree = "<group>"; };
		74B2C464CAC15C4D193258F3 /* AppIcon.icon */ = {isa = PBXFileReference; lastKnownFileType = wrapper.icon; path = AppIcon.icon; sourceTree = "<group>"; };
		7CBC4195B74D4BA5F1BE31BE /* SearchCommand.swift */ = {isa = PBXFileReference; lastKnownFileType = sourcecode.swift; path = SearchCommand.swift; sourceTree = "<group>"; };
		7E402DF7244139AA9EE1526A /* FrameEmbedder.swift */ = {isa = PBXFileReference; lastKnownFileType = sourcecode.swift; path = FrameEmbedder.swift; sourceTree = "<group>"; };
		7F0A56EE058438A3D7841601 /* SettingsView.swift */ = {isa = PBXFileReference; lastKnownFileType = sourcecode.swift; path = SettingsView.swift; sourceTree = "<group>"; };
		8397B96787C9C28270BF3FD6 /* FFmpegURLSessionIO.swift */ = {isa = PBXFileReference; lastKnownFileType = sourcecode.swift; path = FFmpegURLSessionIO.swift; sourceTree = "<group>"; };
		87CBAB60A9E0C95DF447EFB3 /* IngestionFunnel.swift */ = {isa = PBXFileReference; lastKnownFileType = sourcecode.swift; path = IngestionFunnel.swift; sourceTree = "<group>"; };
		88A947CCECB5098809045CC6 /* KeychainHelper.swift */ = {isa = PBXFileReference; lastKnownFileType = sourcecode.swift; path = KeychainHelper.swift; sourceTree = "<group>"; };
		8C3DFEC917B99551FA24B633 /* LoginCommand.swift */ = {isa = PBXFileReference; lastKnownFileType = sourcecode.swift; path = LoginCommand.swift; sourceTree = "<group>"; };
		8C8C64BEE7581B939A220E62 /* SidxParser.swift */ = {isa = PBXFileReference; lastKnownFileType = sourcecode.swift; path = SidxParser.swift; sourceTree = "<group>"; };
		8DA24342EA3DFD6206EA021B /* COPYING.LGPLv2.1 */ = {isa = PBXFileReference; lastKnownFileType = text.man; path = COPYING.LGPLv2.1; sourceTree = "<group>"; };
		907078E101889CD8D7B28C97 /* AppUpdater.swift */ = {isa = PBXFileReference; lastKnownFileType = sourcecode.swift; path = AppUpdater.swift; sourceTree = "<group>"; };
		9277B41466B3A12A01E4AFB5 /* TranscriptCommand.swift */ = {isa = PBXFileReference; lastKnownFileType = sourcecode.swift; path = TranscriptCommand.swift; sourceTree = "<group>"; };
		9633A2907501CF5C01A910E3 /* ArgsParser.swift */ = {isa = PBXFileReference; lastKnownFileType = sourcecode.swift; path = ArgsParser.swift; sourceTree = "<group>"; };
		98AF6C6C447D9216143D47E6 /* Chunker.swift */ = {isa = PBXFileReference; lastKnownFileType = sourcecode.swift; path = Chunker.swift; sourceTree = "<group>"; };
		99DAA432B550C3B593BF3522 /* ReindexCommand.swift */ = {isa = PBXFileReference; lastKnownFileType = sourcecode.swift; path = ReindexCommand.swift; sourceTree = "<group>"; };
		A12465B44FC685B0D846EA0E /* DebugRunner.swift */ = {isa = PBXFileReference; lastKnownFileType = sourcecode.swift; path = DebugRunner.swift; sourceTree = "<group>"; };
		ACE013EEAFE8327D3554AB53 /* GemmaTokenizer.swift */ = {isa = PBXFileReference; lastKnownFileType = sourcecode.swift; path = GemmaTokenizer.swift; sourceTree = "<group>"; };
		AF09B301A0004D3FBB55EB79 /* IndexBadgeView.swift */ = {isa = PBXFileReference; lastKnownFileType = sourcecode.swift; path = IndexBadgeView.swift; sourceTree = "<group>"; };
		AFBAD0495B4470D5C70DE95A /* COPYING.LGPLv3 */ = {isa = PBXFileReference; path = COPYING.LGPLv3; sourceTree = "<group>"; };
		B34242D9DEADB386F0FE44D8 /* EmbeddingGemmaEmbedder.swift */ = {isa = PBXFileReference; lastKnownFileType = sourcecode.swift; path = EmbeddingGemmaEmbedder.swift; sourceTree = "<group>"; };
		B3B9A77CA2B9DA7272B6C824 /* SaveCommand.swift */ = {isa = PBXFileReference; lastKnownFileType = sourcecode.swift; path = SaveCommand.swift; sourceTree = "<group>"; };
		B5DA59A198D8D80C96D4DBAC /* IndexStore.swift */ = {isa = PBXFileReference; lastKnownFileType = sourcecode.swift; path = IndexStore.swift; sourceTree = "<group>"; };
		B829B1B7B1DC76C612C7FF48 /* YoutyAppIntents.swift */ = {isa = PBXFileReference; lastKnownFileType = sourcecode.swift; path = YoutyAppIntents.swift; sourceTree = "<group>"; };
		B8FD828F68229C565B5E4528 /* EmbedderProtocol.swift */ = {isa = PBXFileReference; lastKnownFileType = sourcecode.swift; path = EmbedderProtocol.swift; sourceTree = "<group>"; };
		B9F72726E0767097CCCE629A /* Info.plist */ = {isa = PBXFileReference; lastKnownFileType = text.plist; path = Info.plist; sourceTree = "<group>"; };
		BE56C34A7461D648D1C2C63A /* LICENSE */ = {isa = PBXFileReference; path = LICENSE; sourceTree = "<group>"; };
		BFDA211A9D8C81B0872B4723 /* FramePipeline.swift */ = {isa = PBXFileReference; lastKnownFileType = sourcecode.swift; path = FramePipeline.swift; sourceTree = "<group>"; };
		C8365806F1359E8E7ACAB7C1 /* SigLIP-Base-224_image.mlpackage */ = {isa = PBXFileReference; path = "SigLIP-Base-224_image.mlpackage"; sourceTree = "<group>"; };
		C870A2F3D64DB3E251183EDE /* main.swift */ = {isa = PBXFileReference; lastKnownFileType = sourcecode.swift; path = main.swift; sourceTree = "<group>"; };
		CC01752B7DC1ABC7BE839D7B /* CanvasFramePipeline.swift */ = {isa = PBXFileReference; lastKnownFileType = sourcecode.swift; path = CanvasFramePipeline.swift; sourceTree = "<group>"; };
		CC47826C11CFAAB99DBA696C /* MenuBarController.swift */ = {isa = PBXFileReference; lastKnownFileType = sourcecode.swift; path = MenuBarController.swift; sourceTree = "<group>"; };
		CF78DB0683DB0DBAC273AA27 /* ListCommand.swift */ = {isa = PBXFileReference; lastKnownFileType = sourcecode.swift; path = ListCommand.swift; sourceTree = "<group>"; };
		D07EACD9853587F324A75FFB /* VideoExtractor.swift */ = {isa = PBXFileReference; lastKnownFileType = sourcecode.swift; path = VideoExtractor.swift; sourceTree = "<group>"; };
		D7465842BED6624F7B3B6AD9 /* THIRD_PARTY_LICENSES.md */ = {isa = PBXFileReference; lastKnownFileType = net.daringfireball.markdown; path = THIRD_PARTY_LICENSES.md; sourceTree = "<group>"; };
		DB4DB273A82F354414E993F7 /* MediaDownloader.swift */ = {isa = PBXFileReference; lastKnownFileType = sourcecode.swift; path = MediaDownloader.swift; sourceTree = "<group>"; };
		DD24184554CE6FFF9B2F5E0D /* FFmpegFrameExtractor.swift */ = {isa = PBXFileReference; lastKnownFileType = sourcecode.swift; path = FFmpegFrameExtractor.swift; sourceTree = "<group>"; };
		DEA64626546F131BCD86B15A /* Info.plist */ = {isa = PBXFileReference; lastKnownFileType = text.plist; path = Info.plist; sourceTree = "<group>"; };
		DF8BC0A3555C0C0A50141F3F /* EmbeddingGemma-300m_text.mlpackage */ = {isa = PBXFileReference; path = "EmbeddingGemma-300m_text.mlpackage"; sourceTree = "<group>"; };
		E3EC781EE801A7A2940BB873 /* StreamFetcher.swift */ = {isa = PBXFileReference; lastKnownFileType = sourcecode.swift; path = StreamFetcher.swift; sourceTree = "<group>"; };
		E533613734AEB3CF1ABED12B /* youtyApp.swift */ = {isa = PBXFileReference; lastKnownFileType = sourcecode.swift; path = youtyApp.swift; sourceTree = "<group>"; };
		E73525BB1298A12906490472 /* FastFramePipeline.swift */ = {isa = PBXFileReference; lastKnownFileType = sourcecode.swift; path = FastFramePipeline.swift; sourceTree = "<group>"; };
		E7BBBE1096196E9A00729BF3 /* MP4MoofParser.swift */ = {isa = PBXFileReference; lastKnownFileType = sourcecode.swift; path = MP4MoofParser.swift; sourceTree = "<group>"; };
		E9417D0FC8D802B2E46B2194 /* GeminiEmbedder.swift */ = {isa = PBXFileReference; lastKnownFileType = sourcecode.swift; path = GeminiEmbedder.swift; sourceTree = "<group>"; };
		EAAB685FE444A35328E5F8C3 /* merges.bin */ = {isa = PBXFileReference; lastKnownFileType = archive.macbinary; path = merges.bin; sourceTree = "<group>"; };
		EAE828BE532445B11DAFDF7C /* CLIConfig.swift */ = {isa = PBXFileReference; lastKnownFileType = sourcecode.swift; path = CLIConfig.swift; sourceTree = "<group>"; };
		EB507870B7D6E4EC22ED4053 /* Indexer.swift */ = {isa = PBXFileReference; lastKnownFileType = sourcecode.swift; path = Indexer.swift; sourceTree = "<group>"; };
		EC7071A2233262A50751C78C /* DebugLog.swift */ = {isa = PBXFileReference; lastKnownFileType = sourcecode.swift; path = DebugLog.swift; sourceTree = "<group>"; };
		ED226C2BCBEFE52EC6EA8D82 /* FrameExtractor.swift */ = {isa = PBXFileReference; lastKnownFileType = sourcecode.swift; path = FrameExtractor.swift; sourceTree = "<group>"; };
		F050E70A7CD0EE1B73D573ED /* PhaseIFrameExtractor.swift */ = {isa = PBXFileReference; lastKnownFileType = sourcecode.swift; path = PhaseIFrameExtractor.swift; sourceTree = "<group>"; };
		F26E67BEE5ACDE9AEEA6217D /* InstagramExtractor.swift */ = {isa = PBXFileReference; lastKnownFileType = sourcecode.swift; path = InstagramExtractor.swift; sourceTree = "<group>"; };
		FA8676656A57F9DE94D3DEBC /* PlayerFetcher.swift */ = {isa = PBXFileReference; lastKnownFileType = sourcecode.swift; path = PlayerFetcher.swift; sourceTree = "<group>"; };
		FB0AE693701E1D33D3074EAC /* vocab.bin */ = {isa = PBXFileReference; lastKnownFileType = archive.macbinary; path = vocab.bin; sourceTree = "<group>"; };
		FB6708940A3424B502A6232E /* MetadataEnricher.swift */ = {isa = PBXFileReference; lastKnownFileType = sourcecode.swift; path = MetadataEnricher.swift; sourceTree = "<group>"; };
/* End PBXFileReference section */

/* Begin PBXFrameworksBuildPhase section */
		8ED3E386A0BF708D5FBF6B4D /* Frameworks */ = {
			isa = PBXFrameworksBuildPhase;
			buildActionMask = 2147483647;
			files = (
				553C4BACA377775492BC94F8 /* Sparkle in Frameworks */,
			);
			runOnlyForDeploymentPostprocessing = 0;
		};
/* End PBXFrameworksBuildPhase section */

/* Begin PBXGroup section */
		00A61D9BEE88851848EBF924 /* tokenizer */ = {
			isa = PBXGroup;
			children = (
				06260360B94CB43DE470BA5F /* added_tokens.bin */,
				EAAB685FE444A35328E5F8C3 /* merges.bin */,
				FB0AE693701E1D33D3074EAC /* vocab.bin */,
			);
			name = tokenizer;
			path = Vendor/embeddinggemma/tokenizer;
			sourceTree = "<group>";
		};
		28C654CA4B6D64A14640CBB2 /* Commands */ = {
			isa = PBXGroup;
			children = (
				2CF1C029B5D14B567ED47B9B /* HelpCommand.swift */,
				CF78DB0683DB0DBAC273AA27 /* ListCommand.swift */,
				8C3DFEC917B99551FA24B633 /* LoginCommand.swift */,
				99DAA432B550C3B593BF3522 /* ReindexCommand.swift */,
				B3B9A77CA2B9DA7272B6C824 /* SaveCommand.swift */,
				7CBC4195B74D4BA5F1BE31BE /* SearchCommand.swift */,
				9277B41466B3A12A01E4AFB5 /* TranscriptCommand.swift */,
			);
			path = Commands;
			sourceTree = "<group>";
		};
		3954B2882DFA510C189B233C = {
			isa = PBXGroup;
			children = (
				D7465842BED6624F7B3B6AD9 /* THIRD_PARTY_LICENSES.md */,
				5235E5DE43C099C92508E838 /* CLI */,
				6089A0CD3506D6B653C3958C /* licenses */,
				8F2B36CE315536B69BF5F34E /* licenses */,
				680E229D0F1401F951B3FD1C /* licenses */,
				DDF577715040EA0D69927EF7 /* models */,
				648DFB30606A6330E39AD9B5 /* models */,
				E52E405D239123F79A4A1BCB /* ShareExtension */,
				D064152482EEF1C6C5964B10 /* Sources */,
				00A61D9BEE88851848EBF924 /* tokenizer */,
				EFF19A7977B6F5EE9C053BDC /* Products */,
			);
			sourceTree = "<group>";
		};
		5235E5DE43C099C92508E838 /* CLI */ = {
			isa = PBXGroup;
			children = (
				9633A2907501CF5C01A910E3 /* ArgsParser.swift */,
				EAE828BE532445B11DAFDF7C /* CLIConfig.swift */,
				6C21ECB07C9DC2F79D80010E /* CLIHostWindow.swift */,
				C870A2F3D64DB3E251183EDE /* main.swift */,
				013AA49E501B8578D1468372 /* VaultResolver.swift */,
				28C654CA4B6D64A14640CBB2 /* Commands */,
			);
			path = CLI;
			sourceTree = "<group>";
		};
		6089A0CD3506D6B653C3958C /* licenses */ = {
			isa = PBXGroup;
			children = (
				1D84763388445C90ADAC05EE /* EmbeddingGemma-NOTICE.txt */,
			);
			name = licenses;
			path = Vendor/embeddinggemma/licenses;
			sourceTree = "<group>";
		};
		648DFB30606A6330E39AD9B5 /* models */ = {
			isa = PBXGroup;
			children = (
				C8365806F1359E8E7ACAB7C1 /* SigLIP-Base-224_image.mlpackage */,
			);
			name = models;
			path = Vendor/siglip/models;
			sourceTree = "<group>";
		};
		680E229D0F1401F951B3FD1C /* licenses */ = {
			isa = PBXGroup;
			children = (
				BE56C34A7461D648D1C2C63A /* LICENSE */,
				104CFBE1B3509D6A05F8A3C9 /* NOTICE */,
			);
			name = licenses;
			path = Vendor/siglip/licenses;
			sourceTree = "<group>";
		};
		8F2B36CE315536B69BF5F34E /* licenses */ = {
			isa = PBXGroup;
			children = (
				8DA24342EA3DFD6206EA021B /* COPYING.LGPLv2.1 */,
				AFBAD0495B4470D5C70DE95A /* COPYING.LGPLv3 */,
				58B78E0BC198C3AE4ACB68FD /* CREDITS */,
			);
			name = licenses;
			path = Vendor/ffmpeg/licenses;
			sourceTree = "<group>";
		};
		D064152482EEF1C6C5964B10 /* Sources */ = {
			isa = PBXGroup;
			children = (
				59F29960905AA7DA5135528E /* AppDelegate.swift */,
				74B2C464CAC15C4D193258F3 /* AppIcon.icon */,
				907078E101889CD8D7B28C97 /* AppUpdater.swift */,
				2C2747C12D2CBE36AD416926 /* Assets.xcassets */,
				39676C399FF505D0F90D141F /* AuthLoginView.swift */,
				CC01752B7DC1ABC7BE839D7B /* CanvasFramePipeline.swift */,
				98AF6C6C447D9216143D47E6 /* Chunker.swift */,
				515E8EFE5E8A6A8F88FC79CA /* ContentView.swift */,
				EC7071A2233262A50751C78C /* DebugLog.swift */,
				A12465B44FC685B0D846EA0E /* DebugRunner.swift */,
				B8FD828F68229C565B5E4528 /* EmbedderProtocol.swift */,
				B34242D9DEADB386F0FE44D8 /* EmbeddingGemmaEmbedder.swift */,
				4B6E4BF02144D82957F5C812 /* FastFrameExtractor.swift */,
				E73525BB1298A12906490472 /* FastFramePipeline.swift */,
				453A0D43C6693B48BBE4607F /* FFmpegBridging.h */,
				DD24184554CE6FFF9B2F5E0D /* FFmpegFrameExtractor.swift */,
				47A260561498FCF2EA1A2CF6 /* FFmpegSampleTable.swift */,
				8397B96787C9C28270BF3FD6 /* FFmpegURLSessionIO.swift */,
				7E402DF7244139AA9EE1526A /* FrameEmbedder.swift */,
				ED226C2BCBEFE52EC6EA8D82 /* FrameExtractor.swift */,
				BFDA211A9D8C81B0872B4723 /* FramePipeline.swift */,
				E9417D0FC8D802B2E46B2194 /* GeminiEmbedder.swift */,
				ACE013EEAFE8327D3554AB53 /* GemmaTokenizer.swift */,
				AF09B301A0004D3FBB55EB79 /* IndexBadgeView.swift */,
				EB507870B7D6E4EC22ED4053 /* Indexer.swift */,
				7009AA6A6668D4D93B0A165A /* IndexSchema.sql */,
				1F45717358DD1876523BA5D0 /* IndexStatusStore.swift */,
				B5DA59A198D8D80C96D4DBAC /* IndexStore.swift */,
				DEA64626546F131BCD86B15A /* Info.plist */,
				87CBAB60A9E0C95DF447EFB3 /* IngestionFunnel.swift */,
				F26E67BEE5ACDE9AEEA6217D /* InstagramExtractor.swift */,
				88A947CCECB5098809045CC6 /* KeychainHelper.swift */,
				001EA64ECBEF879A726F4768 /* LocalFrameExtractor.swift */,
				356CCF219ED8189DA67F3402 /* MainWindowKeeper.swift */,
				DB4DB273A82F354414E993F7 /* MediaDownloader.swift */,
				CC47826C11CFAAB99DBA696C /* MenuBarController.swift */,
				FB6708940A3424B502A6232E /* MetadataEnricher.swift */,
				E7BBBE1096196E9A00729BF3 /* MP4MoofParser.swift */,
				6B4CA4AEF25DAF7A379921CE /* OnboardingView.swift */,
				28AF996CD0C2EE13BC7503CB /* ParallelCapture.swift */,
				F050E70A7CD0EE1B73D573ED /* PhaseIFrameExtractor.swift */,
				13370E21DD4886D040B9C4DD /* PHashFilter.swift */,
				0E454D60F2EC467DCDA263E7 /* PlatformRouter.swift */,
				FA8676656A57F9DE94D3DEBC /* PlayerFetcher.swift */,
				61F403150ACD28D7C5A9F18C /* SettingsStore.swift */,
				7F0A56EE058438A3D7841601 /* SettingsView.swift */,
				5F4AE55996AE9ADB6F7C7C34 /* SharedResourceLocator.swift */,
				637A3E47DA879D66A8DCC5F6 /* ShortFormPipeline.swift */,
				8C8C64BEE7581B939A220E62 /* SidxParser.swift */,
				66BEA926CEA969BCEADF0870 /* SigLIPLoader.swift */,
				57D40876068DF7189CEDA17C /* SpeechTranscriptionPipeline.swift */,
				E3EC781EE801A7A2940BB873 /* StreamFetcher.swift */,
				27FEE1BFFC1CB8BA12710709 /* TikTokExtractor.swift */,
				2C0ACBBDF82CC681F56CE794 /* TranscriptFetcher.swift */,
				176A5F09E31CE82BF4A1E29C /* VaultLocalSearch.swift */,
				3BE94CFD3AB3A49D24E053CB /* VaultManager.swift */,
				D07EACD9853587F324A75FFB /* VideoExtractor.swift */,
				4BB446E58CBBADED63AFD0D2 /* youty.entitlements */,
				E533613734AEB3CF1ABED12B /* youtyApp.swift */,
				B829B1B7B1DC76C612C7FF48 /* YoutyAppIntents.swift */,
			);
			path = Sources;
			sourceTree = "<group>";
		};
		DDF577715040EA0D69927EF7 /* models */ = {
			isa = PBXGroup;
			children = (
				DF8BC0A3555C0C0A50141F3F /* EmbeddingGemma-300m_text.mlpackage */,
			);
			name = models;
			path = Vendor/embeddinggemma/models;
			sourceTree = "<group>";
		};
		E52E405D239123F79A4A1BCB /* ShareExtension */ = {
			isa = PBXGroup;
			children = (
				B9F72726E0767097CCCE629A /* Info.plist */,
				39E04E6A6066DC07040F2DBF /* ShareExtension.entitlements */,
				52C24CDA3E0B37271B63C03A /* ShareViewController.swift */,
			);
			path = ShareExtension;
			sourceTree = "<group>";
		};
		EFF19A7977B6F5EE9C053BDC /* Products */ = {
			isa = PBXGroup;
			children = (
				0A043E863630199156FD846E /* youty-cli */,
				095F0E65E14289ABD525C24B /* youty.app */,
				3E5022BF40C58739B777DA01 /* YoutyShareExtension.appex */,
			);
			name = Products;
			sourceTree = "<group>";
		};
/* End PBXGroup section */

/* Begin PBXNativeTarget section */
		1392CE80DC06D081731E7989 /* YoutyShareExtension */ = {
			isa = PBXNativeTarget;
			buildConfigurationList = 09F5A7DB9D53B4BF0543CB8A /* Build configuration list for PBXNativeTarget "YoutyShareExtension" */;
			buildPhases = (
				925A493578F602A393BB4C2D /* Sources */,
			);
			buildRules = (
			);
			dependencies = (
			);
			name = YoutyShareExtension;
			packageProductDependencies = (
			);
			productName = YoutyShareExtension;
			productReference = 3E5022BF40C58739B777DA01 /* YoutyShareExtension.appex */;
			productType = "com.apple.product-type.app-extension";
		};
		25D226C396BB0D53FBAA6BB4 /* youty */ = {
			isa = PBXNativeTarget;
			buildConfigurationList = C55ACEFE74D51240482EED2E /* Build configuration list for PBXNativeTarget "youty" */;
			buildPhases = (
				4CCED308D87EE0941CCCCC2C /* Sources */,
				8DF49C2845D037821AA14228 /* Resources */,
				8ED3E386A0BF708D5FBF6B4D /* Frameworks */,
				CE576BC9738B88DBB63B1C70 /* Embed Foundation Extensions */,
			);
			buildRules = (
			);
			dependencies = (
				FCC23E0EB074F5D44F69B6E6 /* PBXTargetDependency */,
			);
			name = youty;
			packageProductDependencies = (
				E39933821E1F923B66CD21BC /* Sparkle */,
			);
			productName = youty;
			productReference = 095F0E65E14289ABD525C24B /* youty.app */;
			productType = "com.apple.product-type.application";
		};
		C960E40CA2CD1AB3D545672C /* youty-cli */ = {
			isa = PBXNativeTarget;
			buildConfigurationList = D3D8BF752EDBA33EA2BAD4AB /* Build configuration list for PBXNativeTarget "youty-cli" */;
			buildPhases = (
				48FB707572EB0B382FF0BD3C /* Sources */,
				C97292D72B6139A7F0D01B22 /* Resources */,
			);
			buildRules = (
			);
			dependencies = (
			);
			name = "youty-cli";
			packageProductDependencies = (
			);
			productName = "youty-cli";
			productReference = 0A043E863630199156FD846E /* youty-cli */;
			productType = "com.apple.product-type.tool";
		};
/* End PBXNativeTarget section */

/* Begin PBXProject section */
		703D9707D40D7BF811BBD46F /* Project object */ = {
			isa = PBXProject;
			attributes = {
				BuildIndependentTargetsInParallel = YES;
				LastUpgradeCheck = 2600;
				TargetAttributes = {
					1392CE80DC06D081731E7989 = {
						DevelopmentTeam = "";
						ProvisioningStyle = Automatic;
					};
					25D226C396BB0D53FBAA6BB4 = {
						DevelopmentTeam = "";
						ProvisioningStyle = Automatic;
					};
					C960E40CA2CD1AB3D545672C = {
						DevelopmentTeam = "";
						ProvisioningStyle = Automatic;
					};
				};
			};
			buildConfigurationList = 68B227B195B532ED34487E2A /* Build configuration list for PBXProject "youty" */;
			developmentRegion = en;
			hasScannedForEncodings = 0;
			knownRegions = (
				Base,
				en,
			);
			mainGroup = 3954B2882DFA510C189B233C;
			minimizedProjectReferenceProxies = 1;
			packageReferences = (
				96715B7F103D3E1F9B095315 /* XCRemoteSwiftPackageReference "Sparkle" */,
			);
			preferredProjectObjectVersion = 77;
			productRefGroup = EFF19A7977B6F5EE9C053BDC /* Products */;
			projectDirPath = "";
			projectRoot = "";
			targets = (
				1392CE80DC06D081731E7989 /* YoutyShareExtension */,
				25D226C396BB0D53FBAA6BB4 /* youty */,
				C960E40CA2CD1AB3D545672C /* youty-cli */,
			);
		};
/* End PBXProject section */

/* Begin PBXResourcesBuildPhase section */
		8DF49C2845D037821AA14228 /* Resources */ = {
			isa = PBXResourcesBuildPhase;
			buildActionMask = 2147483647;
			files = (
				340F0E7824C853A2D8B7CFF8 /* AppIcon.icon in Resources */,
				ECA46273D6854E93EFF7226E /* Assets.xcassets in Resources */,
				D69DE7CD35430BAF9A4C4164 /* COPYING.LGPLv2.1 in Resources */,
				27FD2A368CC924DD960BF205 /* COPYING.LGPLv3 in Resources */,
				83580BEB8F9323ED76DA8B5B /* CREDITS in Resources */,
				BF5A0336274E4F081EC3257E /* EmbeddingGemma-300m_text.mlpackage in Resources */,
				FF23A5E3E006C14D301779E2 /* EmbeddingGemma-NOTICE.txt in Resources */,
				79615886D7973E16FA559F69 /* IndexSchema.sql in Resources */,
				6166E886D0582F27CABAFB98 /* LICENSE in Resources */,
				050B4DACC82CCB5F6DC24D71 /* NOTICE in Resources */,
				68070B8D4F65C01499DFF2EB /* SigLIP-Base-224_image.mlpackage in Resources */,
				51B938667C9A94698266CC3D /* THIRD_PARTY_LICENSES.md in Resources */,
				869D437C37B2EB4FECB76028 /* added_tokens.bin in Resources */,
				51378A1C04876090864A764B /* merges.bin in Resources */,
				4BDBFC7BF4BCB94F26C0E57E /* vocab.bin in Resources */,
			);
			runOnlyForDeploymentPostprocessing = 0;
		};
		C97292D72B6139A7F0D01B22 /* Resources */ = {
			isa = PBXResourcesBuildPhase;
			buildActionMask = 2147483647;
			files = (
				5EF4E27FAE42FE5B00DC2E29 /* EmbeddingGemma-300m_text.mlpackage in Resources */,
				AD8623CEE0C8060DF4D79ACB /* EmbeddingGemma-NOTICE.txt in Resources */,
				CB9C7CD874C2FD238236C878 /* IndexSchema.sql in Resources */,
				426389CB5A3014EE35B6DC1F /* LICENSE in Resources */,
				7C287A4C5A6D5D593CC0EE77 /* NOTICE in Resources */,
				2C02942FDF7344437B582303 /* SigLIP-Base-224_image.mlpackage in Resources */,
				6B202C3C04B44EE291A46C88 /* added_tokens.bin in Resources */,
				BEB6C8995EEEF0928E0587BA /* merges.bin in Resources */,
				64DED8695B174C6A50F37A7A /* vocab.bin in Resources */,
			);
			runOnlyForDeploymentPostprocessing = 0;
		};
/* End PBXResourcesBuildPhase section */

/* Begin PBXSourcesBuildPhase section */
		48FB707572EB0B382FF0BD3C /* Sources */ = {
			isa = PBXSourcesBuildPhase;
			buildActionMask = 2147483647;
			files = (
				67673D0D6A6B0FAB75F1F4EC /* ArgsParser.swift in Sources */,
				FAAD514A1B9ECDA2B1D27F88 /* CLIConfig.swift in Sources */,
				DCBF400F36D41C4586EC090C /* CLIHostWindow.swift in Sources */,
				97334541EF7B2EB74000A289 /* CanvasFramePipeline.swift in Sources */,
				E7CC5D854D4A4FFCCBE4C576 /* Chunker.swift in Sources */,
				98739D06255647380C8B1388 /* DebugLog.swift in Sources */,
				6379D83C95B3F278435879B6 /* EmbedderProtocol.swift in Sources */,
				DAD567BAB79895AA31E5A511 /* EmbeddingGemmaEmbedder.swift in Sources */,
				D0C742B94FA26C7149B2CDB4 /* FFmpegFrameExtractor.swift in Sources */,
				4BD5B82529814A7C359F61E2 /* FFmpegSampleTable.swift in Sources */,
				45E22279DB987CA8FD2FA01F /* FFmpegURLSessionIO.swift in Sources */,
				B7B636F3FF3274FD796D0117 /* FastFrameExtractor.swift in Sources */,
				26EC15015337957E94B79D59 /* FastFramePipeline.swift in Sources */,
				7BFBB7156B9F481099D68889 /* FrameEmbedder.swift in Sources */,
				2B3293CD694D61AA1B68AFAD /* FrameExtractor.swift in Sources */,
				73B0BABFF6BDC626DCFE37C5 /* FramePipeline.swift in Sources */,
				980E7FBB4C21F42002063AB9 /* GeminiEmbedder.swift in Sources */,
				EF6072228D9CD1B5CC1B6667 /* GemmaTokenizer.swift in Sources */,
				4B07C74A46B6E023674F964E /* HelpCommand.swift in Sources */,
				588EEA9FD0F6E4C53048B544 /* IndexStore.swift in Sources */,
				CFAB9ED082046D46CBAD1E68 /* Indexer.swift in Sources */,
				79FE0CBD42E6F22C8A8C8905 /* InstagramExtractor.swift in Sources */,
				59E1BB6B91606B714330DFD1 /* KeychainHelper.swift in Sources */,
				E979052EADCB12AA1DA89989 /* ListCommand.swift in Sources */,
				B232018D44F6919E8EEB28A1 /* LocalFrameExtractor.swift in Sources */,
				2BFE4C012A3D481BFA2B24A6 /* LoginCommand.swift in Sources */,
				D7A3D55EA174E6C74FFC59A7 /* MP4MoofParser.swift in Sources */,
				D2BB0FFF57E0B176F2D9BD8B /* MediaDownloader.swift in Sources */,
				F16D38842CD9A198F1B8924C /* MetadataEnricher.swift in Sources */,
				CB9BD576C3C677BBD4B9AC33 /* PHashFilter.swift in Sources */,
				C68DEB5E0CA86838F5D69231 /* ParallelCapture.swift in Sources */,
				53450823245D09271EC7931A /* PhaseIFrameExtractor.swift in Sources */,
				3B5FDDCA27087A6B1C7027A4 /* PlatformRouter.swift in Sources */,
				76014BC216A90F0D7FF28297 /* PlayerFetcher.swift in Sources */,
				96AB39F42C6B36B4C7E6D1C8 /* ReindexCommand.swift in Sources */,
				7CD61850D4441D22AA0DF9CE /* SaveCommand.swift in Sources */,
				F40545FAC6341ABA6C1E24AD /* SearchCommand.swift in Sources */,
				2E457377C0845ACCAB71F901 /* SettingsStore.swift in Sources */,
				4902F8F090DC2D041DC21B2A /* SharedResourceLocator.swift in Sources */,
				43F7505F9C9C779E84FF8D07 /* ShortFormPipeline.swift in Sources */,
				62DCC093DEC97543E737D4D5 /* SidxParser.swift in Sources */,
				F7F02FC49A9FDE72E034A593 /* SigLIPLoader.swift in Sources */,
				C911D05E228FB03DF52DAA34 /* SpeechTranscriptionPipeline.swift in Sources */,
				11D4E14864EDC6A0258EA910 /* StreamFetcher.swift in Sources */,
				38606B475C50BB1F3C555BE0 /* TikTokExtractor.swift in Sources */,
				094AA0F3BD47B61830E40854 /* TranscriptCommand.swift in Sources */,
				DFFD3299B503FD9D00C246D2 /* TranscriptFetcher.swift in Sources */,
				86D1580BFF32100B5515B247 /* VaultLocalSearch.swift in Sources */,
				106CC435AB211CC8443288B3 /* VaultManager.swift in Sources */,
				9417C71FA609B112D97E513F /* VaultResolver.swift in Sources */,
				C419EA26BAE82522134CB0AD /* VideoExtractor.swift in Sources */,
				975E616FFF3737C01A2CE49C /* main.swift in Sources */,
			);
			runOnlyForDeploymentPostprocessing = 0;
		};
		4CCED308D87EE0941CCCCC2C /* Sources */ = {
			isa = PBXSourcesBuildPhase;
			buildActionMask = 2147483647;
			files = (
				4C697166338AB1A5305A115D /* AppDelegate.swift in Sources */,
				C5D8FC67A79B044215C17855 /* AppUpdater.swift in Sources */,
				1BA5CC8ADA3E531A38B36F7A /* AuthLoginView.swift in Sources */,
				95177DA36FFB1E5C7D32A1FF /* CanvasFramePipeline.swift in Sources */,
				77CE91EE8F4C30827AE1D84E /* Chunker.swift in Sources */,
				7700E341676B9465D4ADD448 /* ContentView.swift in Sources */,
				1D3B34BB5AC912CB62DDA000 /* DebugLog.swift in Sources */,
				FC7BFDBA194EC1BDB91AD089 /* DebugRunner.swift in Sources */,
				F06C80DA7A74AC43B01AF18C /* EmbedderProtocol.swift in Sources */,
				F9F144165A7A5C93294DB6AC /* EmbeddingGemmaEmbedder.swift in Sources */,
				20693B65CBBC3B960A95A6C6 /* FFmpegFrameExtractor.swift in Sources */,
				C197B5F7B683DDB4951CC9BF /* FFmpegSampleTable.swift in Sources */,
				80C925A67998CA3D1A01F1EE /* FFmpegURLSessionIO.swift in Sources */,
				F0B819C034DE76D8AA23C9E4 /* FastFrameExtractor.swift in Sources */,
				B485EFBCAB058975036F1AD8 /* FastFramePipeline.swift in Sources */,
				8DDA2F914E953F5128F3C2F9 /* FrameEmbedder.swift in Sources */,
				9E2E9FC65B8CBC9F2E767152 /* FrameExtractor.swift in Sources */,
				A5A27212E838E96609102929 /* FramePipeline.swift in Sources */,
				99F278B1636D3DAA95B536B0 /* GeminiEmbedder.swift in Sources */,
				83B3772E21D0CBB7CF5F2108 /* GemmaTokenizer.swift in Sources */,
				345B82542264F04FB42EA963 /* IndexBadgeView.swift in Sources */,
				B2EEE7C38E7BE839339857BC /* IndexStatusStore.swift in Sources */,
				C7C2F5EB8D173E0123CCC064 /* IndexStore.swift in Sources */,
				CE56642172EC7DA6552AD966 /* Indexer.swift in Sources */,
				E22A06093A2559C9726D7587 /* IngestionFunnel.swift in Sources */,
				3931592C71C89B67BDA4F77E /* InstagramExtractor.swift in Sources */,
				FEDB9DC9FEB3B9CF9CDB1A47 /* KeychainHelper.swift in Sources */,
				754CC21CEEDD77A9212895FE /* LocalFrameExtractor.swift in Sources */,
				C6324A47E444EB299EAC6DB6 /* MP4MoofParser.swift in Sources */,
				875EDC64DC621AF33A11D999 /* MainWindowKeeper.swift in Sources */,
				674CF57AC4E8B460F93ED637 /* MediaDownloader.swift in Sources */,
				161162C6D5E59139B842928A /* MenuBarController.swift in Sources */,
				348D590961AC2C1BECB77D10 /* MetadataEnricher.swift in Sources */,
				414A38659EC99913025816EF /* OnboardingView.swift in Sources */,
				E8B97176F582159EC5144CF0 /* PHashFilter.swift in Sources */,
				D235DE78DBDF7AED552E8AFB /* ParallelCapture.swift in Sources */,
				9BCB91F0597B2E43F2852D1C /* PhaseIFrameExtractor.swift in Sources */,
				1032CEABD5436FC124C83529 /* PlatformRouter.swift in Sources */,
				9FED5126F04AFE7567104F16 /* PlayerFetcher.swift in Sources */,
				1164AB2D5DD0A4C678A2122E /* SettingsStore.swift in Sources */,
				E3165888D2C54EB8455B0EAE /* SettingsView.swift in Sources */,
				CBD157B29E988892CD2A1040 /* SharedResourceLocator.swift in Sources */,
				2E95A4B3792989B8DC2AA8C5 /* ShortFormPipeline.swift in Sources */,
				1AD48BCAA27F5C6CDD0A24D1 /* SidxParser.swift in Sources */,
				77E451F883231BD6936E6D0D /* SigLIPLoader.swift in Sources */,
				090209CA9B05E0C2E4924947 /* SpeechTranscriptionPipeline.swift in Sources */,
				9784AFE016B0CACE8A9F8A1A /* StreamFetcher.swift in Sources */,
				A4F0355643FA24A3941F6A58 /* TikTokExtractor.swift in Sources */,
				21E0784C86AC814FE8079B0D /* TranscriptFetcher.swift in Sources */,
				192546E42F1AF0C86D0CBDEB /* VaultLocalSearch.swift in Sources */,
				C964210FA50B15DE55CEE037 /* VaultManager.swift in Sources */,
				C8B9333704250B395669467E /* VideoExtractor.swift in Sources */,
				CF1301A8C4F5FAEE3CB8761E /* YoutyAppIntents.swift in Sources */,
				AC49D46B8D4644D32C42C5DC /* youtyApp.swift in Sources */,
			);
			runOnlyForDeploymentPostprocessing = 0;
		};
		925A493578F602A393BB4C2D /* Sources */ = {
			isa = PBXSourcesBuildPhase;
			buildActionMask = 2147483647;
			files = (
				BF0DD007509A7560531DCA3E /* ShareViewController.swift in Sources */,
			);
			runOnlyForDeploymentPostprocessing = 0;
		};
/* End PBXSourcesBuildPhase section */

/* Begin PBXTargetDependency section */
		FCC23E0EB074F5D44F69B6E6 /* PBXTargetDependency */ = {
			isa = PBXTargetDependency;
			target = 1392CE80DC06D081731E7989 /* YoutyShareExtension */;
			targetProxy = 1D4CC5CC01CA0F4BA3ECEC46 /* PBXContainerItemProxy */;
		};
/* End PBXTargetDependency section */

/* Begin XCBuildConfiguration section */
		071B3584A0B70A5DDA39F1E6 /* Release */ = {
			isa = XCBuildConfiguration;
			buildSettings = {
				CODE_SIGN_STYLE = Automatic;
				COMBINE_HIDPI_IMAGES = YES;
				ENABLE_HARDENED_RUNTIME = NO;
				HEADER_SEARCH_PATHS = "$(SRCROOT)/Vendor/ffmpeg/include";
				INFOPLIST_FILE = Sources/Info.plist;
				LD_RUNPATH_SEARCH_PATHS = (
					"$(inherited)",
					"@executable_path/../Frameworks",
				);
				LIBRARY_SEARCH_PATHS = "$(SRCROOT)/Vendor/ffmpeg/lib";
				OTHER_LDFLAGS = "-lavcodec -lavformat -lavutil -lswscale -liconv -lbz2 -lz -lsqlite3 -framework Security -framework CoreFoundation -framework AudioToolbox -framework VideoToolbox -framework Foundation -framework AppKit -framework WebKit -framework Speech";
				PRODUCT_BUNDLE_IDENTIFIER = dev.leget.youty.cli;
				PRODUCT_NAME = youty;
				SDKROOT = macosx;
				SKIP_INSTALL = NO;
				SWIFT_OBJC_BRIDGING_HEADER = Sources/FFmpegBridging.h;
			};
			name = Release;
		};
		5718054695F8CC30CF6009C9 /* Release */ = {
			isa = XCBuildConfiguration;
			buildSettings = {
				ALWAYS_SEARCH_USER_PATHS = NO;
				CLANG_ANALYZER_NONNULL = YES;
				CLANG_ANALYZER_NUMBER_OBJECT_CONVERSION = YES_AGGRESSIVE;
				CLANG_CXX_LANGUAGE_STANDARD = "gnu++14";
				CLANG_CXX_LIBRARY = "libc++";
				CLANG_ENABLE_MODULES = YES;
				CLANG_ENABLE_OBJC_ARC = YES;
				CLANG_ENABLE_OBJC_WEAK = YES;
				CLANG_WARN_BLOCK_CAPTURE_AUTORELEASING = YES;
				CLANG_WARN_BOOL_CONVERSION = YES;
				CLANG_WARN_COMMA = YES;
				CLANG_WARN_CONSTANT_CONVERSION = YES;
				CLANG_WARN_DEPRECATED_OBJC_IMPLEMENTATIONS = YES;
				CLANG_WARN_DIRECT_OBJC_ISA_USAGE = YES_ERROR;
				CLANG_WARN_DOCUMENTATION_COMMENTS = YES;
				CLANG_WARN_EMPTY_BODY = YES;
				CLANG_WARN_ENUM_CONVERSION = YES;
				CLANG_WARN_INFINITE_RECURSION = YES;
				CLANG_WARN_INT_CONVERSION = YES;
				CLANG_WARN_NON_LITERAL_NULL_CONVERSION = YES;
				CLANG_WARN_OBJC_IMPLICIT_RETAIN_SELF = YES;
				CLANG_WARN_OBJC_LITERAL_CONVERSION = YES;
				CLANG_WARN_OBJC_ROOT_CLASS = YES_ERROR;
				CLANG_WARN_QUOTED_INCLUDE_IN_FRAMEWORK_HEADER = YES;
				CLANG_WARN_RANGE_LOOP_ANALYSIS = YES;
				CLANG_WARN_STRICT_PROTOTYPES = YES;
				CLANG_WARN_SUSPICIOUS_MOVE = YES;
				CLANG_WARN_UNGUARDED_AVAILABILITY = YES_AGGRESSIVE;
				CLANG_WARN_UNREACHABLE_CODE = YES;
				CLANG_WARN__DUPLICATE_METHOD_MATCH = YES;
				CODE_SIGN_STYLE = Automatic;
				COPY_PHASE_STRIP = NO;
				DEAD_CODE_STRIPPING = YES;
				DEBUG_INFORMATION_FORMAT = "dwarf-with-dsym";
				DEPLOYMENT_POSTPROCESSING = YES;
				DEVELOPMENT_TEAM = "";
				ENABLE_NS_ASSERTIONS = NO;
				ENABLE_STRICT_OBJC_MSGSEND = YES;
				GCC_C_LANGUAGE_STANDARD = gnu11;
				GCC_NO_COMMON_BLOCKS = YES;
				GCC_OPTIMIZATION_LEVEL = s;
				GCC_WARN_64_TO_32_BIT_CONVERSION = YES;
				GCC_WARN_ABOUT_RETURN_TYPE = YES_ERROR;
				GCC_WARN_UNDECLARED_SELECTOR = YES;
				GCC_WARN_UNINITIALIZED_AUTOS = YES_AGGRESSIVE;
				GCC_WARN_UNUSED_FUNCTION = YES;
				GCC_WARN_UNUSED_VARIABLE = YES;
				LLVM_LTO = YES;
				MACOSX_DEPLOYMENT_TARGET = 26.0;
				MTL_ENABLE_DEBUG_INFO = NO;
				MTL_FAST_MATH = YES;
				OTHER_LDFLAGS = "$(inherited) -dead_strip";
				PRODUCT_NAME = "$(TARGET_NAME)";
				SDKROOT = macosx;
				STRIP_INSTALLED_PRODUCT = YES;
				STRIP_STYLE = all;
				SWIFT_COMPILATION_MODE = wholemodule;
				SWIFT_OPTIMIZATION_LEVEL = "-O";
				SWIFT_VERSION = 6.0;
			};
			name = Release;
		};
		7098D1273BEC287D12E8ED7E /* Release */ = {
			isa = XCBuildConfiguration;
			buildSettings = {
				ASSETCATALOG_COMPILER_APPICON_NAME = AppIcon;
				CODE_SIGN_ENTITLEMENTS = Sources/youty.entitlements;
				COMBINE_HIDPI_IMAGES = YES;
				ENABLE_HARDENED_RUNTIME = YES;
				HEADER_SEARCH_PATHS = "$(SRCROOT)/Vendor/ffmpeg/include";
				INFOPLIST_FILE = Sources/Info.plist;
				LD_RUNPATH_SEARCH_PATHS = (
					"$(inherited)",
					"@executable_path/../Frameworks",
				);
				LIBRARY_SEARCH_PATHS = "$(SRCROOT)/Vendor/ffmpeg/lib";
				OTHER_LDFLAGS = "-lavcodec -lavformat -lavutil -lswscale -liconv -lbz2 -lz -lsqlite3 -framework Security -framework CoreFoundation -framework AudioToolbox -framework VideoToolbox";
				PRODUCT_BUNDLE_IDENTIFIER = dev.leget.youty;
				SDKROOT = macosx;
				SWIFT_OBJC_BRIDGING_HEADER = Sources/FFmpegBridging.h;
			};
			name = Release;
		};
		70CE49C4131A8A1D22CB3F13 /* Debug */ = {
			isa = XCBuildConfiguration;
			buildSettings = {
				CODE_SIGN_STYLE = Automatic;
				COMBINE_HIDPI_IMAGES = YES;
				ENABLE_HARDENED_RUNTIME = NO;
				HEADER_SEARCH_PATHS = "$(SRCROOT)/Vendor/ffmpeg/include";
				INFOPLIST_FILE = Sources/Info.plist;
				LD_RUNPATH_SEARCH_PATHS = (
					"$(inherited)",
					"@executable_path/../Frameworks",
				);
				LIBRARY_SEARCH_PATHS = "$(SRCROOT)/Vendor/ffmpeg/lib";
				OTHER_LDFLAGS = "-lavcodec -lavformat -lavutil -lswscale -liconv -lbz2 -lz -lsqlite3 -framework Security -framework CoreFoundation -framework AudioToolbox -framework VideoToolbox -framework Foundation -framework AppKit -framework WebKit -framework Speech";
				PRODUCT_BUNDLE_IDENTIFIER = dev.leget.youty.cli;
				PRODUCT_NAME = youty;
				SDKROOT = macosx;
				SKIP_INSTALL = NO;
				SWIFT_OBJC_BRIDGING_HEADER = Sources/FFmpegBridging.h;
			};
			name = Debug;
		};
		8823416EF090E45F38A9FCAA /* Release */ = {
			isa = XCBuildConfiguration;
			buildSettings = {
				CODE_SIGN_ENTITLEMENTS = ShareExtension/ShareExtension.entitlements;
				COMBINE_HIDPI_IMAGES = YES;
				ENABLE_HARDENED_RUNTIME = YES;
				INFOPLIST_FILE = ShareExtension/Info.plist;
				LD_RUNPATH_SEARCH_PATHS = "$(inherited) @executable_path/../../../../Frameworks";
				PRODUCT_BUNDLE_IDENTIFIER = dev.leget.youty.ShareExtension;
				PRODUCT_NAME = "Save to Youty";
				SDKROOT = macosx;
				SKIP_INSTALL = YES;
			};
			name = Release;
		};
		9E74E06BC8F97D96BB23E91E /* Debug */ = {
			isa = XCBuildConfiguration;
			buildSettings = {
				ALWAYS_SEARCH_USER_PATHS = NO;
				CLANG_ANALYZER_NONNULL = YES;
				CLANG_ANALYZER_NUMBER_OBJECT_CONVERSION = YES_AGGRESSIVE;
				CLANG_CXX_LANGUAGE_STANDARD = "gnu++14";
				CLANG_CXX_LIBRARY = "libc++";
				CLANG_ENABLE_MODULES = YES;
				CLANG_ENABLE_OBJC_ARC = YES;
				CLANG_ENABLE_OBJC_WEAK = YES;
				CLANG_WARN_BLOCK_CAPTURE_AUTORELEASING = YES;
				CLANG_WARN_BOOL_CONVERSION = YES;
				CLANG_WARN_COMMA = YES;
				CLANG_WARN_CONSTANT_CONVERSION = YES;
				CLANG_WARN_DEPRECATED_OBJC_IMPLEMENTATIONS = YES;
				CLANG_WARN_DIRECT_OBJC_ISA_USAGE = YES_ERROR;
				CLANG_WARN_DOCUMENTATION_COMMENTS = YES;
				CLANG_WARN_EMPTY_BODY = YES;
				CLANG_WARN_ENUM_CONVERSION = YES;
				CLANG_WARN_INFINITE_RECURSION = YES;
				CLANG_WARN_INT_CONVERSION = YES;
				CLANG_WARN_NON_LITERAL_NULL_CONVERSION = YES;
				CLANG_WARN_OBJC_IMPLICIT_RETAIN_SELF = YES;
				CLANG_WARN_OBJC_LITERAL_CONVERSION = YES;
				CLANG_WARN_OBJC_ROOT_CLASS = YES_ERROR;
				CLANG_WARN_QUOTED_INCLUDE_IN_FRAMEWORK_HEADER = YES;
				CLANG_WARN_RANGE_LOOP_ANALYSIS = YES;
				CLANG_WARN_STRICT_PROTOTYPES = YES;
				CLANG_WARN_SUSPICIOUS_MOVE = YES;
				CLANG_WARN_UNGUARDED_AVAILABILITY = YES_AGGRESSIVE;
				CLANG_WARN_UNREACHABLE_CODE = YES;
				CLANG_WARN__DUPLICATE_METHOD_MATCH = YES;
				CODE_SIGN_STYLE = Automatic;
				COPY_PHASE_STRIP = NO;
				DEBUG_INFORMATION_FORMAT = dwarf;
				DEVELOPMENT_TEAM = "";
				ENABLE_STRICT_OBJC_MSGSEND = YES;
				ENABLE_TESTABILITY = YES;
				GCC_C_LANGUAGE_STANDARD = gnu11;
				GCC_DYNAMIC_NO_PIC = NO;
				GCC_NO_COMMON_BLOCKS = YES;
				GCC_OPTIMIZATION_LEVEL = 0;
				GCC_PREPROCESSOR_DEFINITIONS = (
					"$(inherited)",
					"DEBUG=1",
				);
				GCC_WARN_64_TO_32_BIT_CONVERSION = YES;
				GCC_WARN_ABOUT_RETURN_TYPE = YES_ERROR;
				GCC_WARN_UNDECLARED_SELECTOR = YES;
				GCC_WARN_UNINITIALIZED_AUTOS = YES_AGGRESSIVE;
				GCC_WARN_UNUSED_FUNCTION = YES;
				GCC_WARN_UNUSED_VARIABLE = YES;
				MACOSX_DEPLOYMENT_TARGET = 26.0;
				MTL_ENABLE_DEBUG_INFO = INCLUDE_SOURCE;
				MTL_FAST_MATH = YES;
				ONLY_ACTIVE_ARCH = YES;
				PRODUCT_NAME = "$(TARGET_NAME)";
				SDKROOT = macosx;
				SWIFT_ACTIVE_COMPILATION_CONDITIONS = DEBUG;
				SWIFT_OPTIMIZATION_LEVEL = "-Onone";
				SWIFT_VERSION = 6.0;
			};
			name = Debug;
		};
		D148BF154954770C86D21905 /* Debug */ = {
			isa = XCBuildConfiguration;
			buildSettings = {
				ASSETCATALOG_COMPILER_APPICON_NAME = AppIcon;
				CODE_SIGN_ENTITLEMENTS = Sources/youty.entitlements;
				COMBINE_HIDPI_IMAGES = YES;
				ENABLE_HARDENED_RUNTIME = YES;
				HEADER_SEARCH_PATHS = "$(SRCROOT)/Vendor/ffmpeg/include";
				INFOPLIST_FILE = Sources/Info.plist;
				LD_RUNPATH_SEARCH_PATHS = (
					"$(inherited)",
					"@executable_path/../Frameworks",
				);
				LIBRARY_SEARCH_PATHS = "$(SRCROOT)/Vendor/ffmpeg/lib";
				OTHER_LDFLAGS = "-lavcodec -lavformat -lavutil -lswscale -liconv -lbz2 -lz -lsqlite3 -framework Security -framework CoreFoundation -framework AudioToolbox -framework VideoToolbox";
				PRODUCT_BUNDLE_IDENTIFIER = dev.leget.youty;
				SDKROOT = macosx;
				SWIFT_OBJC_BRIDGING_HEADER = Sources/FFmpegBridging.h;
			};
			name = Debug;
		};
		EFEC8B9FD3153D25504F00CB /* Debug */ = {
			isa = XCBuildConfiguration;
			buildSettings = {
				CODE_SIGN_ENTITLEMENTS = ShareExtension/ShareExtension.entitlements;
				COMBINE_HIDPI_IMAGES = YES;
				ENABLE_HARDENED_RUNTIME = YES;
				INFOPLIST_FILE = ShareExtension/Info.plist;
				LD_RUNPATH_SEARCH_PATHS = "$(inherited) @executable_path/../../../../Frameworks";
				PRODUCT_BUNDLE_IDENTIFIER = dev.leget.youty.ShareExtension;
				PRODUCT_NAME = "Save to Youty";
				SDKROOT = macosx;
				SKIP_INSTALL = YES;
			};
			name = Debug;
		};
/* End XCBuildConfiguration section */

/* Begin XCConfigurationList section */
		09F5A7DB9D53B4BF0543CB8A /* Build configuration list for PBXNativeTarget "YoutyShareExtension" */ = {
			isa = XCConfigurationList;
			buildConfigurations = (
				EFEC8B9FD3153D25504F00CB /* Debug */,
				8823416EF090E45F38A9FCAA /* Release */,
			);
			defaultConfigurationIsVisible = 0;
			defaultConfigurationName = Debug;
		};
		68B227B195B532ED34487E2A /* Build configuration list for PBXProject "youty" */ = {
			isa = XCConfigurationList;
			buildConfigurations = (
				9E74E06BC8F97D96BB23E91E /* Debug */,
				5718054695F8CC30CF6009C9 /* Release */,
			);
			defaultConfigurationIsVisible = 0;
			defaultConfigurationName = Debug;
		};
		C55ACEFE74D51240482EED2E /* Build configuration list for PBXNativeTarget "youty" */ = {
			isa = XCConfigurationList;
			buildConfigurations = (
				D148BF154954770C86D21905 /* Debug */,
				7098D1273BEC287D12E8ED7E /* Release */,
			);
			defaultConfigurationIsVisible = 0;
			defaultConfigurationName = Debug;
		};
		D3D8BF752EDBA33EA2BAD4AB /* Build configuration list for PBXNativeTarget "youty-cli" */ = {
			isa = XCConfigurationList;
			buildConfigurations = (
				70CE49C4131A8A1D22CB3F13 /* Debug */,
				071B3584A0B70A5DDA39F1E6 /* Release */,
			);
			defaultConfigurationIsVisible = 0;
			defaultConfigurationName = Debug;
		};
/* End XCConfigurationList section */

/* Begin XCRemoteSwiftPackageReference section */
		96715B7F103D3E1F9B095315 /* XCRemoteSwiftPackageReference "Sparkle" */ = {
			isa = XCRemoteSwiftPackageReference;
			repositoryURL = "https://github.com/sparkle-project/Sparkle";
			requirement = {
				kind = upToNextMajorVersion;
				minimumVersion = 2.6.0;
			};
		};
/* End XCRemoteSwiftPackageReference section */

/* Begin XCSwiftPackageProductDependency section */
		E39933821E1F923B66CD21BC /* Sparkle */ = {
			isa = XCSwiftPackageProductDependency;
			package = 96715B7F103D3E1F9B095315 /* XCRemoteSwiftPackageReference "Sparkle" */;
			productName = Sparkle;
		};
/* End XCSwiftPackageProductDependency section */
	};
	rootObject = 703D9707D40D7BF811BBD46F /* Project object */;
}
